// !$*UTF8*$!
{
	archiveVersion = 1;
	classes = {
	};
	objectVersion = 52;
	objects = {

/* Begin PBXBuildFile section */
		2C0D9DE8157C084A5906ECA1 /* Pods_FlyShop.framework in Frameworks */ = {isa = PBXBuildFile; fileRef = 5B7990F8823FE601FE38DD46 /* Pods_FlyShop.framework */; };
		FF0D7EE12485602B00EE96B0 /* ARContentView.swift in Sources */ = {isa = PBXBuildFile; fileRef = FF0D7EE02485602B00EE96B0 /* ARContentView.swift */; };
		FF1BFB3524C38A5C006B3B50 /* ARService.swift in Sources */ = {isa = PBXBuildFile; fileRef = FF1BFB3424C38A5C006B3B50 /* ARService.swift */; };
		FF1BFB3924C3A86D006B3B50 /* ARViewModel.swift in Sources */ = {isa = PBXBuildFile; fileRef = FF1BFB3824C3A86D006B3B50 /* ARViewModel.swift */; };
		FF1C805624616F23000E5D88 /* AppDelegate.swift in Sources */ = {isa = PBXBuildFile; fileRef = FF1C805524616F23000E5D88 /* AppDelegate.swift */; };
		FF1C805824616F23000E5D88 /* SceneDelegate.swift in Sources */ = {isa = PBXBuildFile; fileRef = FF1C805724616F23000E5D88 /* SceneDelegate.swift */; };
		FF1C805A24616F23000E5D88 /* ContentView.swift in Sources */ = {isa = PBXBuildFile; fileRef = FF1C805924616F23000E5D88 /* ContentView.swift */; };
		FF1C805C24616F25000E5D88 /* Assets.xcassets in Resources */ = {isa = PBXBuildFile; fileRef = FF1C805B24616F25000E5D88 /* Assets.xcassets */; };
		FF1C805F24616F25000E5D88 /* Preview Assets.xcassets in Resources */ = {isa = PBXBuildFile; fileRef = FF1C805E24616F25000E5D88 /* Preview Assets.xcassets */; };
		FF1C806224616F25000E5D88 /* LaunchScreen.storyboard in Resources */ = {isa = PBXBuildFile; fileRef = FF1C806024616F25000E5D88 /* LaunchScreen.storyboard */; };
		FF1C806D246172A7000E5D88 /* Background.swift in Sources */ = {isa = PBXBuildFile; fileRef = FF1C806C246172A7000E5D88 /* Background.swift */; };
		FF1C806F2461737F000E5D88 /* SignUp.swift in Sources */ = {isa = PBXBuildFile; fileRef = FF1C806E2461737F000E5D88 /* SignUp.swift */; };
		FF1C807224617BA3000E5D88 /* AuthService.swift in Sources */ = {isa = PBXBuildFile; fileRef = FF1C807124617BA3000E5D88 /* AuthService.swift */; };
		FF1C807724617EFC000E5D88 /* Extensions.swift in Sources */ = {isa = PBXBuildFile; fileRef = FF1C807624617EFC000E5D88 /* Extensions.swift */; };
		FF1C807A24618E8B000E5D88 /* AuthViewModel.swift in Sources */ = {isa = PBXBuildFile; fileRef = FF1C807924618E8B000E5D88 /* AuthViewModel.swift */; };
		FF1C807C24619000000E5D88 /* MainScreen.swift in Sources */ = {isa = PBXBuildFile; fileRef = FF1C807B24619000000E5D88 /* MainScreen.swift */; };
		FF1C80802461C38D000E5D88 /* McLaren-Regular.ttf in Resources */ = {isa = PBXBuildFile; fileRef = FF1C807D2461C2D5000E5D88 /* McLaren-Regular.ttf */; };
		FF1C80812461C390000E5D88 /* Montserrat-Italic.ttf in Resources */ = {isa = PBXBuildFile; fileRef = FF1C807E2461C337000E5D88 /* Montserrat-Italic.ttf */; };
		FF1C80832461D03B000E5D88 /* HomeView.swift in Sources */ = {isa = PBXBuildFile; fileRef = FF1C80822461D03B000E5D88 /* HomeView.swift */; };
		FF1C80852461D068000E5D88 /* HomeViewBackground.swift in Sources */ = {isa = PBXBuildFile; fileRef = FF1C80842461D068000E5D88 /* HomeViewBackground.swift */; };
		FF1C80902461EDA0000E5D88 /* ViewRouter.swift in Sources */ = {isa = PBXBuildFile; fileRef = FF1C808F2461EDA0000E5D88 /* ViewRouter.swift */; };
		FF1C80952461FF95000E5D88 /* TabItemModel.swift in Sources */ = {isa = PBXBuildFile; fileRef = FF1C80942461FF95000E5D88 /* TabItemModel.swift */; };
		FF1C809724620B64000E5D88 /* NavigationConfigurator.swift in Sources */ = {isa = PBXBuildFile; fileRef = FF1C809624620B64000E5D88 /* NavigationConfigurator.swift */; };
		FF1C80A32462B25E000E5D88 /* FilterViewModel.swift in Sources */ = {isa = PBXBuildFile; fileRef = FF1C80A22462B25E000E5D88 /* FilterViewModel.swift */; };
		FF1C80A7246320F7000E5D88 /* FilterView.swift in Sources */ = {isa = PBXBuildFile; fileRef = FF1C80A6246320F7000E5D88 /* FilterView.swift */; };
		FF1C80A924632393000E5D88 /* SizeChart.swift in Sources */ = {isa = PBXBuildFile; fileRef = FF1C80A824632393000E5D88 /* SizeChart.swift */; };
		FF1C80AB24632DA8000E5D88 /* SizeModel.swift in Sources */ = {isa = PBXBuildFile; fileRef = FF1C80AA24632DA7000E5D88 /* SizeModel.swift */; };
		FF1C80AD24633798000E5D88 /* AllShopsView.swift in Sources */ = {isa = PBXBuildFile; fileRef = FF1C80AC24633798000E5D88 /* AllShopsView.swift */; };
		FF1C80AF24633823000E5D88 /* AllShopsBackground.swift in Sources */ = {isa = PBXBuildFile; fileRef = FF1C80AE24633823000E5D88 /* AllShopsBackground.swift */; };
		FF1C80B124633B76000E5D88 /* AllShopsViewModel.swift in Sources */ = {isa = PBXBuildFile; fileRef = FF1C80B024633B76000E5D88 /* AllShopsViewModel.swift */; };
		FF1C80B324633B99000E5D88 /* ShopModel.swift in Sources */ = {isa = PBXBuildFile; fileRef = FF1C80B224633B99000E5D88 /* ShopModel.swift */; };
		FF1C80B524633C38000E5D88 /* AllShopService.swift in Sources */ = {isa = PBXBuildFile; fileRef = FF1C80B424633C38000E5D88 /* AllShopService.swift */; };
		FF1C80B724633EE9000E5D88 /* Loading.swift in Sources */ = {isa = PBXBuildFile; fileRef = FF1C80B624633EE9000E5D88 /* Loading.swift */; };
		FF1C80BD2463417B000E5D88 /* AllShopGridCell.swift in Sources */ = {isa = PBXBuildFile; fileRef = FF1C80BC2463417B000E5D88 /* AllShopGridCell.swift */; };
		FF1C80EE24636779000E5D88 /* SingleShop.swift in Sources */ = {isa = PBXBuildFile; fileRef = FF1C80ED24636779000E5D88 /* SingleShop.swift */; };
		FF1C80F024642F4D000E5D88 /* NewView.swift in Sources */ = {isa = PBXBuildFile; fileRef = FF1C80EF24642F4D000E5D88 /* NewView.swift */; };
		FF1C80F2246431B9000E5D88 /* RoundedCorners.swift in Sources */ = {isa = PBXBuildFile; fileRef = FF1C80F1246431B9000E5D88 /* RoundedCorners.swift */; };
		FF1C80F524643719000E5D88 /* SingleNewProduct.swift in Sources */ = {isa = PBXBuildFile; fileRef = FF1C80F424643719000E5D88 /* SingleNewProduct.swift */; };
		FF1C80F924643A42000E5D88 /* ProductModel.swift in Sources */ = {isa = PBXBuildFile; fileRef = FF1C80F824643A42000E5D88 /* ProductModel.swift */; };
		FF1C80FB24643B71000E5D88 /* NewViewModel.swift in Sources */ = {isa = PBXBuildFile; fileRef = FF1C80FA24643B71000E5D88 /* NewViewModel.swift */; };
		FF1C80FD24644020000E5D88 /* NewService.swift in Sources */ = {isa = PBXBuildFile; fileRef = FF1C80FC24644020000E5D88 /* NewService.swift */; };
		FF379F17249EB213006ED6DB /* ShippingModel.swift in Sources */ = {isa = PBXBuildFile; fileRef = FF379F16249EB213006ED6DB /* ShippingModel.swift */; };
		FF379F19249EB404006ED6DB /* ShippingItems.swift in Sources */ = {isa = PBXBuildFile; fileRef = FF379F18249EB404006ED6DB /* ShippingItems.swift */; };
		FF379F1B24A14F74006ED6DB /* ProductColorImage.swift in Sources */ = {isa = PBXBuildFile; fileRef = FF379F1A24A14F74006ED6DB /* ProductColorImage.swift */; };
		FF379F4324A67EDA006ED6DB /* GoogleService-Info.plist in Resources */ = {isa = PBXBuildFile; fileRef = FF379F4224A67EDA006ED6DB /* GoogleService-Info.plist */; };
		FF5F41402512C104007AF24B /* BuildFile in Frameworks */ = {isa = PBXBuildFile; productRef = FF5F413F2512C104007AF24B /* SwiftPackageProductDependency */; };
		FF685A3924FAC57600E8EBA5 /* Credentials.swift in Sources */ = {isa = PBXBuildFile; fileRef = FF685A3824FAC57600E8EBA5 /* Credentials.swift */; };
		FF69F9F9249574A90044F077 /* TypeSheet.swift in Sources */ = {isa = PBXBuildFile; fileRef = FF69F9F8249574A90044F077 /* TypeSheet.swift */; };
		FF69F9FB24959D0A0044F077 /* CategoryFilter.swift in Sources */ = {isa = PBXBuildFile; fileRef = FF69F9FA24959D0A0044F077 /* CategoryFilter.swift */; };
		FF69F9FD24959D280044F077 /* BrandFilter.swift in Sources */ = {isa = PBXBuildFile; fileRef = FF69F9FC24959D280044F077 /* BrandFilter.swift */; };
		FF69F9FF24959D480044F077 /* TypeFilter.swift in Sources */ = {isa = PBXBuildFile; fileRef = FF69F9FE24959D480044F077 /* TypeFilter.swift */; };
		FF69FA0124959DAB0044F077 /* GenderFilter.swift in Sources */ = {isa = PBXBuildFile; fileRef = FF69FA0024959DAB0044F077 /* GenderFilter.swift */; };
		FF69FA0324959E730044F077 /* SizeFilter.swift in Sources */ = {isa = PBXBuildFile; fileRef = FF69FA0224959E730044F077 /* SizeFilter.swift */; };
		FF69FA052496E87F0044F077 /* URLS.swift in Sources */ = {isa = PBXBuildFile; fileRef = FF69FA042496E87F0044F077 /* URLS.swift */; };
		FF69FA082497EAD40044F077 /* InitPayment.swift in Sources */ = {isa = PBXBuildFile; fileRef = FF69FA072497EAD40044F077 /* InitPayment.swift */; };
		FF69FA0A2498115D0044F077 /* PaymentViewModel.swift in Sources */ = {isa = PBXBuildFile; fileRef = FF69FA092498115D0044F077 /* PaymentViewModel.swift */; };
		FF69FA0C249822410044F077 /* WebView.swift in Sources */ = {isa = PBXBuildFile; fileRef = FF69FA0B249822410044F077 /* WebView.swift */; };
		FF69FA0E2498236C0044F077 /* PaymentWebView.swift in Sources */ = {isa = PBXBuildFile; fileRef = FF69FA0D2498236C0044F077 /* PaymentWebView.swift */; };
		FF69FA132499329C0044F077 /* GetPaymentDetails.swift in Sources */ = {isa = PBXBuildFile; fileRef = FF69FA122499329C0044F077 /* GetPaymentDetails.swift */; };
		FF69FA1A249AB4320044F077 /* RedirectResponse.swift in Sources */ = {isa = PBXBuildFile; fileRef = FF69FA19249AB4320044F077 /* RedirectResponse.swift */; };
		FF69FA1F249D4B7C0044F077 /* BuildFile in Frameworks */ = {isa = PBXBuildFile; productRef = FF69FA1E249D4B7C0044F077 /* SwiftPackageProductDependency */; };
		FF73935A24BF202000EB0B07 /* OrderDetails.swift in Sources */ = {isa = PBXBuildFile; fileRef = FF73935924BF202000EB0B07 /* OrderDetails.swift */; };
		FF81A07424BF898400C023EA /* Address.swift in Sources */ = {isa = PBXBuildFile; fileRef = FF81A07324BF898400C023EA /* Address.swift */; };
		FF81A07D24C24E1300C023EA /* Model.swift in Sources */ = {isa = PBXBuildFile; fileRef = FF81A07C24C24E1300C023EA /* Model.swift */; };
		FF8E628324BD028D0025A703 /* ImageLoader.swift in Sources */ = {isa = PBXBuildFile; fileRef = FF8E628224BD028D0025A703 /* ImageLoader.swift */; };
		FF8E628524BD02960025A703 /* URLImage.swift in Sources */ = {isa = PBXBuildFile; fileRef = FF8E628424BD02960025A703 /* URLImage.swift */; };
		FF90A9A124B8F613007EC0C0 /* .gitignore in Resources */ = {isa = PBXBuildFile; fileRef = FF90A9A024B8F613007EC0C0 /* .gitignore */; };
		FF9209ED24882573003D2E9C /* TrendViewModel.swift in Sources */ = {isa = PBXBuildFile; fileRef = FF9209EC24882573003D2E9C /* TrendViewModel.swift */; };
		FF9209EF248825A8003D2E9C /* ShopListViewModel.swift in Sources */ = {isa = PBXBuildFile; fileRef = FF9209EE248825A8003D2E9C /* ShopListViewModel.swift */; };
		FF9209F124883E8B003D2E9C /* InfoSheet.swift in Sources */ = {isa = PBXBuildFile; fileRef = FF9209F024883E8B003D2E9C /* InfoSheet.swift */; };
		FF9209F3248844D3003D2E9C /* ReturnPolicy.swift in Sources */ = {isa = PBXBuildFile; fileRef = FF9209F2248844D3003D2E9C /* ReturnPolicy.swift */; };
		FF9209F624884850003D2E9C /* AboutUs.swift in Sources */ = {isa = PBXBuildFile; fileRef = FF9209F524884850003D2E9C /* AboutUs.swift */; };
		FF9209F824884AC2003D2E9C /* Shipping.swift in Sources */ = {isa = PBXBuildFile; fileRef = FF9209F724884AC2003D2E9C /* Shipping.swift */; };
		FF920A2B24897F48003D2E9C /* InitPaymentRequest.swift in Sources */ = {isa = PBXBuildFile; fileRef = FF920A2A24897F48003D2E9C /* InitPaymentRequest.swift */; };
		FF920A2D24897FE8003D2E9C /* InitPaymentResponse.swift in Sources */ = {isa = PBXBuildFile; fileRef = FF920A2C24897FE8003D2E9C /* InitPaymentResponse.swift */; };
		FF920A2F248980F7003D2E9C /* PaymentDetailsRequest.swift in Sources */ = {isa = PBXBuildFile; fileRef = FF920A2E248980F7003D2E9C /* PaymentDetailsRequest.swift */; };
		FF920A3124898131003D2E9C /* PaymentDetailsResponse.swift in Sources */ = {isa = PBXBuildFile; fileRef = FF920A3024898131003D2E9C /* PaymentDetailsResponse.swift */; };
		FF920A3324898309003D2E9C /* ConfirmPaymentRequest.swift in Sources */ = {isa = PBXBuildFile; fileRef = FF920A3224898309003D2E9C /* ConfirmPaymentRequest.swift */; };
		FF920A352489834E003D2E9C /* ConfirmPaymentResponse.swift in Sources */ = {isa = PBXBuildFile; fileRef = FF920A342489834E003D2E9C /* ConfirmPaymentResponse.swift */; };
		FF920A3724898391003D2E9C /* CancelPaymentRequest.swift in Sources */ = {isa = PBXBuildFile; fileRef = FF920A3624898391003D2E9C /* CancelPaymentRequest.swift */; };
		FF920A39248983BF003D2E9C /* CancelPaymentResponse.swift in Sources */ = {isa = PBXBuildFile; fileRef = FF920A38248983BF003D2E9C /* CancelPaymentResponse.swift */; };
		FF920A3B248983EE003D2E9C /* RefundPaymentRequest.swift in Sources */ = {isa = PBXBuildFile; fileRef = FF920A3A248983EE003D2E9C /* RefundPaymentRequest.swift */; };
		FF920A3D24898434003D2E9C /* RefundPaymentResponse.swift in Sources */ = {isa = PBXBuildFile; fileRef = FF920A3C24898434003D2E9C /* RefundPaymentResponse.swift */; };
		FF920A3F2489848F003D2E9C /* TransactionClient.swift in Sources */ = {isa = PBXBuildFile; fileRef = FF920A3E2489848F003D2E9C /* TransactionClient.swift */; };
		FF920A41248984DA003D2E9C /* TransactionClientResponse.swift in Sources */ = {isa = PBXBuildFile; fileRef = FF920A40248984DA003D2E9C /* TransactionClientResponse.swift */; };
		FF920A432489858C003D2E9C /* ProblemTransactions.swift in Sources */ = {isa = PBXBuildFile; fileRef = FF920A422489858C003D2E9C /* ProblemTransactions.swift */; };
		FF920A45248985DC003D2E9C /* MakeBindingPaymentRequest.swift in Sources */ = {isa = PBXBuildFile; fileRef = FF920A44248985DC003D2E9C /* MakeBindingPaymentRequest.swift */; };
		FF920A472489865E003D2E9C /* MakeBindingPaymentResponse.swift in Sources */ = {isa = PBXBuildFile; fileRef = FF920A462489865E003D2E9C /* MakeBindingPaymentResponse.swift */; };
		FF920A4924898746003D2E9C /* GetBindingRequest.swift in Sources */ = {isa = PBXBuildFile; fileRef = FF920A4824898746003D2E9C /* GetBindingRequest.swift */; };
		FF920A4B24898775003D2E9C /* GetBindingsResponse.swift in Sources */ = {isa = PBXBuildFile; fileRef = FF920A4A24898775003D2E9C /* GetBindingsResponse.swift */; };
		FF920A4D248987AE003D2E9C /* CardBindingFiled.swift in Sources */ = {isa = PBXBuildFile; fileRef = FF920A4C248987AE003D2E9C /* CardBindingFiled.swift */; };
		FF920A4F2489AE62003D2E9C /* DeactivateBindingRequest.swift in Sources */ = {isa = PBXBuildFile; fileRef = FF920A4E2489AE62003D2E9C /* DeactivateBindingRequest.swift */; };
		FF920A512489AEA8003D2E9C /* DeactivateBindingResponse.swift in Sources */ = {isa = PBXBuildFile; fileRef = FF920A502489AEA8003D2E9C /* DeactivateBindingResponse.swift */; };
		FF920A532489AEEE003D2E9C /* ActivateBindingRequest.swift in Sources */ = {isa = PBXBuildFile; fileRef = FF920A522489AEEE003D2E9C /* ActivateBindingRequest.swift */; };
		FF920A552489AF2C003D2E9C /* ActivateBindingResponse.swift in Sources */ = {isa = PBXBuildFile; fileRef = FF920A542489AF2C003D2E9C /* ActivateBindingResponse.swift */; };
		FF9E769424AF84D80006E9AE /* ShopService.swift in Sources */ = {isa = PBXBuildFile; fileRef = FF9E769324AF84D80006E9AE /* ShopService.swift */; };
		FF9E769824AF87160006E9AE /* ShopViewModel.swift in Sources */ = {isa = PBXBuildFile; fileRef = FF9E769724AF87160006E9AE /* ShopViewModel.swift */; };
		FFB023412465B50900FC135D /* SaleView.swift in Sources */ = {isa = PBXBuildFile; fileRef = FFB023402465B50900FC135D /* SaleView.swift */; };
		FFB023432465B67300FC135D /* SaleService.swift in Sources */ = {isa = PBXBuildFile; fileRef = FFB023422465B67300FC135D /* SaleService.swift */; };
		FFB023452465B74B00FC135D /* SaleViewModel.swift in Sources */ = {isa = PBXBuildFile; fileRef = FFB023442465B74B00FC135D /* SaleViewModel.swift */; };
		FFB023472465B8A200FC135D /* SingleSaleProduct.swift in Sources */ = {isa = PBXBuildFile; fileRef = FFB023462465B8A200FC135D /* SingleSaleProduct.swift */; };
		FFB0234A2465DCD100FC135D /* BuildFile in Frameworks */ = {isa = PBXBuildFile; productRef = FFB023492465DCD100FC135D /* SwiftPackageProductDependency */; };
		FFB0234D2465DDCA00FC135D /* NavigationTitleView.swift in Sources */ = {isa = PBXBuildFile; fileRef = FFB0234C2465DDCA00FC135D /* NavigationTitleView.swift */; };
		FFB023552465EACB00FC135D /* SingleProduct.swift in Sources */ = {isa = PBXBuildFile; fileRef = FFB023542465EACB00FC135D /* SingleProduct.swift */; };
		FFB0235724660F8F00FC135D /* SearchBar.swift in Sources */ = {isa = PBXBuildFile; fileRef = FFB0235624660F8F00FC135D /* SearchBar.swift */; };
		FFB023592468364300FC135D /* SelectedProduct.swift in Sources */ = {isa = PBXBuildFile; fileRef = FFB023582468364300FC135D /* SelectedProduct.swift */; };
		FFB0235B24683DB700FC135D /* SizeSheet.swift in Sources */ = {isa = PBXBuildFile; fileRef = FFB0235A24683DB700FC135D /* SizeSheet.swift */; };
		FFB0235D2468618000FC135D /* ProductViewModel.swift in Sources */ = {isa = PBXBuildFile; fileRef = FFB0235C2468618000FC135D /* ProductViewModel.swift */; };
		FFB0235F2468A26200FC135D /* CartNavigationView.swift in Sources */ = {isa = PBXBuildFile; fileRef = FFB0235E2468A26200FC135D /* CartNavigationView.swift */; };
		FFB023612468A30500FC135D /* CartView.swift in Sources */ = {isa = PBXBuildFile; fileRef = FFB023602468A30500FC135D /* CartView.swift */; };
		FFB023642468B36300FC135D /* BrandSheet.swift in Sources */ = {isa = PBXBuildFile; fileRef = FFB023632468B36300FC135D /* BrandSheet.swift */; };
		FFB023662468B8B900FC135D /* FilterTypeModel.swift in Sources */ = {isa = PBXBuildFile; fileRef = FFB023652468B8B900FC135D /* FilterTypeModel.swift */; };
		FFB0236A2468CAB400FC135D /* FilterService.swift in Sources */ = {isa = PBXBuildFile; fileRef = FFB023692468CAB400FC135D /* FilterService.swift */; };
		FFB0236C2468CFC100FC135D /* FilterResult.swift in Sources */ = {isa = PBXBuildFile; fileRef = FFB0236B2468CFC100FC135D /* FilterResult.swift */; };
		FFB02370246AD44A00FC135D /* HomeViewModel.swift in Sources */ = {isa = PBXBuildFile; fileRef = FFB0236F246AD44A00FC135D /* HomeViewModel.swift */; };
		FFB02372246AE5AD00FC135D /* HomeService.swift in Sources */ = {isa = PBXBuildFile; fileRef = FFB02371246AE5AD00FC135D /* HomeService.swift */; };
		FFB02374246AE5E900FC135D /* TrendModel.swift in Sources */ = {isa = PBXBuildFile; fileRef = FFB02373246AE5E900FC135D /* TrendModel.swift */; };
		FFB02376246B4A3600FC135D /* TrendSingleProduct.swift in Sources */ = {isa = PBXBuildFile; fileRef = FFB02375246B4A3600FC135D /* TrendSingleProduct.swift */; };
		FFB02378246C2B5500FC135D /* CartNavigationText.swift in Sources */ = {isa = PBXBuildFile; fileRef = FFB02377246C2B5500FC135D /* CartNavigationText.swift */; };
		FFB0237A246C2C0500FC135D /* CartViewModel.swift in Sources */ = {isa = PBXBuildFile; fileRef = FFB02379246C2C0500FC135D /* CartViewModel.swift */; };
		FFB0237C246C2F8F00FC135D /* CartItemPreview.swift in Sources */ = {isa = PBXBuildFile; fileRef = FFB0237B246C2F8F00FC135D /* CartItemPreview.swift */; };
		FFB0237E246C4D0200FC135D /* CartModel.swift in Sources */ = {isa = PBXBuildFile; fileRef = FFB0237D246C4D0200FC135D /* CartModel.swift */; };
		FFFDA04C246EA7BC002EA40D /* CartService.swift in Sources */ = {isa = PBXBuildFile; fileRef = FFFDA04B246EA7BC002EA40D /* CartService.swift */; };
		FFFDA04E246EB03F002EA40D /* ShippingProductModel.swift in Sources */ = {isa = PBXBuildFile; fileRef = FFFDA04D246EB03F002EA40D /* ShippingProductModel.swift */; };
		FFFDA074247084A6002EA40D /* ImageCarousel.swift in Sources */ = {isa = PBXBuildFile; fileRef = FFFDA073247084A6002EA40D /* ImageCarousel.swift */; };
		FFFDA076247094B1002EA40D /* Montserrat-ExtraLight.ttf in Resources */ = {isa = PBXBuildFile; fileRef = FFFDA075247094B1002EA40D /* Montserrat-ExtraLight.ttf */; };
		FFFDA07824709550002EA40D /* TextDesign.swift in Sources */ = {isa = PBXBuildFile; fileRef = FFFDA07724709550002EA40D /* TextDesign.swift */; };
/* End PBXBuildFile section */

/* Begin PBXFileReference section */
		5B7990F8823FE601FE38DD46 /* Pods_FlyShop.framework */ = {isa = PBXFileReference; explicitFileType = wrapper.framework; includeInIndex = 0; path = Pods_FlyShop.framework; sourceTree = BUILT_PRODUCTS_DIR; };
		AB4A7F56DA0978541061AC86 /* Pods-FlyShop.debug.xcconfig */ = {isa = PBXFileReference; includeInIndex = 1; lastKnownFileType = text.xcconfig; name = "Pods-FlyShop.debug.xcconfig"; path = "Target Support Files/Pods-FlyShop/Pods-FlyShop.debug.xcconfig"; sourceTree = "<group>"; };
		AED07B7236272AD499D58F93 /* Pods-FlyShop.release.xcconfig */ = {isa = PBXFileReference; includeInIndex = 1; lastKnownFileType = text.xcconfig; name = "Pods-FlyShop.release.xcconfig"; path = "Target Support Files/Pods-FlyShop/Pods-FlyShop.release.xcconfig"; sourceTree = "<group>"; };
		FF0D7EE02485602B00EE96B0 /* ARContentView.swift */ = {isa = PBXFileReference; lastKnownFileType = sourcecode.swift; name = ARContentView.swift; path = FlyShop/Views/AR/ARContentView.swift; sourceTree = SOURCE_ROOT; };
		FF1BFB3424C38A5C006B3B50 /* ARService.swift */ = {isa = PBXFileReference; lastKnownFileType = sourcecode.swift; path = ARService.swift; sourceTree = "<group>"; };
		FF1BFB3824C3A86D006B3B50 /* ARViewModel.swift */ = {isa = PBXFileReference; lastKnownFileType = sourcecode.swift; path = ARViewModel.swift; sourceTree = "<group>"; };
		FF1C805224616F23000E5D88 /* FlyShop.app */ = {isa = PBXFileReference; explicitFileType = wrapper.application; includeInIndex = 0; path = FlyShop.app; sourceTree = BUILT_PRODUCTS_DIR; };
		FF1C805524616F23000E5D88 /* AppDelegate.swift */ = {isa = PBXFileReference; lastKnownFileType = sourcecode.swift; path = AppDelegate.swift; sourceTree = "<group>"; };
		FF1C805724616F23000E5D88 /* SceneDelegate.swift */ = {isa = PBXFileReference; lastKnownFileType = sourcecode.swift; path = SceneDelegate.swift; sourceTree = "<group>"; };
		FF1C805924616F23000E5D88 /* ContentView.swift */ = {isa = PBXFileReference; lastKnownFileType = sourcecode.swift; path = ContentView.swift; sourceTree = "<group>"; };
		FF1C805B24616F25000E5D88 /* Assets.xcassets */ = {isa = PBXFileReference; lastKnownFileType = folder.assetcatalog; path = Assets.xcassets; sourceTree = "<group>"; };
		FF1C805E24616F25000E5D88 /* Preview Assets.xcassets */ = {isa = PBXFileReference; lastKnownFileType = folder.assetcatalog; path = "Preview Assets.xcassets"; sourceTree = "<group>"; };
		FF1C806124616F25000E5D88 /* Base */ = {isa = PBXFileReference; lastKnownFileType = file.storyboard; name = Base; path = Base.lproj/LaunchScreen.storyboard; sourceTree = "<group>"; };
		FF1C806324616F25000E5D88 /* Info.plist */ = {isa = PBXFileReference; lastKnownFileType = text.plist.xml; path = Info.plist; sourceTree = "<group>"; };
		FF1C806C246172A7000E5D88 /* Background.swift */ = {isa = PBXFileReference; lastKnownFileType = sourcecode.swift; path = Background.swift; sourceTree = "<group>"; };
		FF1C806E2461737F000E5D88 /* SignUp.swift */ = {isa = PBXFileReference; lastKnownFileType = sourcecode.swift; path = SignUp.swift; sourceTree = "<group>"; };
		FF1C807124617BA3000E5D88 /* AuthService.swift */ = {isa = PBXFileReference; lastKnownFileType = sourcecode.swift; path = AuthService.swift; sourceTree = "<group>"; };
		FF1C807624617EFC000E5D88 /* Extensions.swift */ = {isa = PBXFileReference; lastKnownFileType = sourcecode.swift; path = Extensions.swift; sourceTree = "<group>"; };
		FF1C807924618E8B000E5D88 /* AuthViewModel.swift */ = {isa = PBXFileReference; lastKnownFileType = sourcecode.swift; path = AuthViewModel.swift; sourceTree = "<group>"; };
		FF1C807B24619000000E5D88 /* MainScreen.swift */ = {isa = PBXFileReference; lastKnownFileType = sourcecode.swift; path = MainScreen.swift; sourceTree = "<group>"; };
		FF1C807D2461C2D5000E5D88 /* McLaren-Regular.ttf */ = {isa = PBXFileReference; lastKnownFileType = file; path = "McLaren-Regular.ttf"; sourceTree = "<group>"; };
		FF1C807E2461C337000E5D88 /* Montserrat-Italic.ttf */ = {isa = PBXFileReference; lastKnownFileType = file; path = "Montserrat-Italic.ttf"; sourceTree = "<group>"; };
		FF1C80822461D03B000E5D88 /* HomeView.swift */ = {isa = PBXFileReference; lastKnownFileType = sourcecode.swift; path = HomeView.swift; sourceTree = "<group>"; };
		FF1C80842461D068000E5D88 /* HomeViewBackground.swift */ = {isa = PBXFileReference; lastKnownFileType = sourcecode.swift; path = HomeViewBackground.swift; sourceTree = "<group>"; };
		FF1C808F2461EDA0000E5D88 /* ViewRouter.swift */ = {isa = PBXFileReference; lastKnownFileType = sourcecode.swift; path = ViewRouter.swift; sourceTree = "<group>"; };
		FF1C80942461FF95000E5D88 /* TabItemModel.swift */ = {isa = PBXFileReference; lastKnownFileType = sourcecode.swift; path = TabItemModel.swift; sourceTree = "<group>"; };
		FF1C809624620B64000E5D88 /* NavigationConfigurator.swift */ = {isa = PBXFileReference; lastKnownFileType = sourcecode.swift; path = NavigationConfigurator.swift; sourceTree = "<group>"; };
		FF1C80A22462B25E000E5D88 /* FilterViewModel.swift */ = {isa = PBXFileReference; lastKnownFileType = sourcecode.swift; path = FilterViewModel.swift; sourceTree = "<group>"; };
		FF1C80A6246320F7000E5D88 /* FilterView.swift */ = {isa = PBXFileReference; fileEncoding = 4; lastKnownFileType = sourcecode.swift; path = FilterView.swift; sourceTree = "<group>"; };
		FF1C80A824632393000E5D88 /* SizeChart.swift */ = {isa = PBXFileReference; lastKnownFileType = sourcecode.swift; path = SizeChart.swift; sourceTree = "<group>"; };
		FF1C80AA24632DA7000E5D88 /* SizeModel.swift */ = {isa = PBXFileReference; lastKnownFileType = sourcecode.swift; path = SizeModel.swift; sourceTree = "<group>"; };
		FF1C80AC24633798000E5D88 /* AllShopsView.swift */ = {isa = PBXFileReference; lastKnownFileType = sourcecode.swift; path = AllShopsView.swift; sourceTree = "<group>"; };
		FF1C80AE24633823000E5D88 /* AllShopsBackground.swift */ = {isa = PBXFileReference; lastKnownFileType = sourcecode.swift; path = AllShopsBackground.swift; sourceTree = "<group>"; };
		FF1C80B024633B76000E5D88 /* AllShopsViewModel.swift */ = {isa = PBXFileReference; lastKnownFileType = sourcecode.swift; path = AllShopsViewModel.swift; sourceTree = "<group>"; };
		FF1C80B224633B99000E5D88 /* ShopModel.swift */ = {isa = PBXFileReference; lastKnownFileType = sourcecode.swift; path = ShopModel.swift; sourceTree = "<group>"; };
		FF1C80B424633C38000E5D88 /* AllShopService.swift */ = {isa = PBXFileReference; lastKnownFileType = sourcecode.swift; path = AllShopService.swift; sourceTree = "<group>"; };
		FF1C80B624633EE9000E5D88 /* Loading.swift */ = {isa = PBXFileReference; lastKnownFileType = sourcecode.swift; path = Loading.swift; sourceTree = "<group>"; };
		FF1C80BC2463417B000E5D88 /* AllShopGridCell.swift */ = {isa = PBXFileReference; lastKnownFileType = sourcecode.swift; path = AllShopGridCell.swift; sourceTree = "<group>"; };
		FF1C80EC2463652E000E5D88 /* Montserrat-Light.ttf */ = {isa = PBXFileReference; lastKnownFileType = file; path = "Montserrat-Light.ttf"; sourceTree = "<group>"; };
		FF1C80ED24636779000E5D88 /* SingleShop.swift */ = {isa = PBXFileReference; lastKnownFileType = sourcecode.swift; path = SingleShop.swift; sourceTree = "<group>"; };
		FF1C80EF24642F4D000E5D88 /* NewView.swift */ = {isa = PBXFileReference; lastKnownFileType = sourcecode.swift; path = NewView.swift; sourceTree = "<group>"; };
		FF1C80F1246431B9000E5D88 /* RoundedCorners.swift */ = {isa = PBXFileReference; lastKnownFileType = sourcecode.swift; path = RoundedCorners.swift; sourceTree = "<group>"; };
		FF1C80F424643719000E5D88 /* SingleNewProduct.swift */ = {isa = PBXFileReference; lastKnownFileType = sourcecode.swift; path = SingleNewProduct.swift; sourceTree = "<group>"; };
		FF1C80F824643A42000E5D88 /* ProductModel.swift */ = {isa = PBXFileReference; lastKnownFileType = sourcecode.swift; path = ProductModel.swift; sourceTree = "<group>"; };
		FF1C80FA24643B71000E5D88 /* NewViewModel.swift */ = {isa = PBXFileReference; lastKnownFileType = sourcecode.swift; path = NewViewModel.swift; sourceTree = "<group>"; };
		FF1C80FC24644020000E5D88 /* NewService.swift */ = {isa = PBXFileReference; lastKnownFileType = sourcecode.swift; path = NewService.swift; sourceTree = "<group>"; };
		FF379F16249EB213006ED6DB /* ShippingModel.swift */ = {isa = PBXFileReference; lastKnownFileType = sourcecode.swift; path = ShippingModel.swift; sourceTree = "<group>"; };
		FF379F18249EB404006ED6DB /* ShippingItems.swift */ = {isa = PBXFileReference; lastKnownFileType = sourcecode.swift; path = ShippingItems.swift; sourceTree = "<group>"; };
		FF379F1A24A14F74006ED6DB /* ProductColorImage.swift */ = {isa = PBXFileReference; lastKnownFileType = sourcecode.swift; path = ProductColorImage.swift; sourceTree = "<group>"; };
		FF379F4224A67EDA006ED6DB /* GoogleService-Info.plist */ = {isa = PBXFileReference; fileEncoding = 4; lastKnownFileType = text.plist.xml; path = "GoogleService-Info.plist"; sourceTree = "<group>"; };
		FF5EB336248DAF760021D49D /* privacy_policy.md */ = {isa = PBXFileReference; lastKnownFileType = net.daringfireball.markdown; path = privacy_policy.md; sourceTree = "<group>"; };
		FF685A3824FAC57600E8EBA5 /* Credentials.swift */ = {isa = PBXFileReference; lastKnownFileType = sourcecode.swift; path = Credentials.swift; sourceTree = "<group>"; };
		FF69F9F8249574A90044F077 /* TypeSheet.swift */ = {isa = PBXFileReference; lastKnownFileType = sourcecode.swift; path = TypeSheet.swift; sourceTree = "<group>"; };
		FF69F9FA24959D0A0044F077 /* CategoryFilter.swift */ = {isa = PBXFileReference; lastKnownFileType = sourcecode.swift; path = CategoryFilter.swift; sourceTree = "<group>"; };
		FF69F9FC24959D280044F077 /* BrandFilter.swift */ = {isa = PBXFileReference; lastKnownFileType = sourcecode.swift; path = BrandFilter.swift; sourceTree = "<group>"; };
		FF69F9FE24959D480044F077 /* TypeFilter.swift */ = {isa = PBXFileReference; lastKnownFileType = sourcecode.swift; path = TypeFilter.swift; sourceTree = "<group>"; };
		FF69FA0024959DAB0044F077 /* GenderFilter.swift */ = {isa = PBXFileReference; lastKnownFileType = sourcecode.swift; path = GenderFilter.swift; sourceTree = "<group>"; };
		FF69FA0224959E730044F077 /* SizeFilter.swift */ = {isa = PBXFileReference; lastKnownFileType = sourcecode.swift; path = SizeFilter.swift; sourceTree = "<group>"; };
		FF69FA042496E87F0044F077 /* URLS.swift */ = {isa = PBXFileReference; lastKnownFileType = sourcecode.swift; path = URLS.swift; sourceTree = "<group>"; };
		FF69FA072497EAD40044F077 /* InitPayment.swift */ = {isa = PBXFileReference; lastKnownFileType = sourcecode.swift; path = InitPayment.swift; sourceTree = "<group>"; };
		FF69FA092498115D0044F077 /* PaymentViewModel.swift */ = {isa = PBXFileReference; lastKnownFileType = sourcecode.swift; path = PaymentViewModel.swift; sourceTree = "<group>"; };
		FF69FA0B249822410044F077 /* WebView.swift */ = {isa = PBXFileReference; lastKnownFileType = sourcecode.swift; path = WebView.swift; sourceTree = "<group>"; };
		FF69FA0D2498236C0044F077 /* PaymentWebView.swift */ = {isa = PBXFileReference; lastKnownFileType = sourcecode.swift; path = PaymentWebView.swift; sourceTree = "<group>"; };
		FF69FA122499329C0044F077 /* GetPaymentDetails.swift */ = {isa = PBXFileReference; lastKnownFileType = sourcecode.swift; path = GetPaymentDetails.swift; sourceTree = "<group>"; };
		FF69FA19249AB4320044F077 /* RedirectResponse.swift */ = {isa = PBXFileReference; lastKnownFileType = sourcecode.swift; path = RedirectResponse.swift; sourceTree = "<group>"; };
		FF73935924BF202000EB0B07 /* OrderDetails.swift */ = {isa = PBXFileReference; lastKnownFileType = sourcecode.swift; path = OrderDetails.swift; sourceTree = "<group>"; };
		FF81A07324BF898400C023EA /* Address.swift */ = {isa = PBXFileReference; lastKnownFileType = sourcecode.swift; path = Address.swift; sourceTree = "<group>"; };
		FF81A07C24C24E1300C023EA /* Model.swift */ = {isa = PBXFileReference; lastKnownFileType = sourcecode.swift; path = Model.swift; sourceTree = "<group>"; };
		FF8E628224BD028D0025A703 /* ImageLoader.swift */ = {isa = PBXFileReference; fileEncoding = 4; lastKnownFileType = sourcecode.swift; path = ImageLoader.swift; sourceTree = "<group>"; };
		FF8E628424BD02960025A703 /* URLImage.swift */ = {isa = PBXFileReference; fileEncoding = 4; lastKnownFileType = sourcecode.swift; path = URLImage.swift; sourceTree = "<group>"; };
		FF90A9A024B8F613007EC0C0 /* .gitignore */ = {isa = PBXFileReference; lastKnownFileType = text; path = .gitignore; sourceTree = "<group>"; };
		FF9209EC24882573003D2E9C /* TrendViewModel.swift */ = {isa = PBXFileReference; lastKnownFileType = sourcecode.swift; path = TrendViewModel.swift; sourceTree = "<group>"; };
		FF9209EE248825A8003D2E9C /* ShopListViewModel.swift */ = {isa = PBXFileReference; lastKnownFileType = sourcecode.swift; path = ShopListViewModel.swift; sourceTree = "<group>"; };
		FF9209F024883E8B003D2E9C /* InfoSheet.swift */ = {isa = PBXFileReference; lastKnownFileType = sourcecode.swift; path = InfoSheet.swift; sourceTree = "<group>"; };
		FF9209F2248844D3003D2E9C /* ReturnPolicy.swift */ = {isa = PBXFileReference; lastKnownFileType = sourcecode.swift; path = ReturnPolicy.swift; sourceTree = "<group>"; };
		FF9209F524884850003D2E9C /* AboutUs.swift */ = {isa = PBXFileReference; lastKnownFileType = sourcecode.swift; path = AboutUs.swift; sourceTree = "<group>"; };
		FF9209F724884AC2003D2E9C /* Shipping.swift */ = {isa = PBXFileReference; lastKnownFileType = sourcecode.swift; path = Shipping.swift; sourceTree = "<group>"; };
		FF920A2A24897F48003D2E9C /* InitPaymentRequest.swift */ = {isa = PBXFileReference; lastKnownFileType = sourcecode.swift; path = InitPaymentRequest.swift; sourceTree = "<group>"; };
		FF920A2C24897FE8003D2E9C /* InitPaymentResponse.swift */ = {isa = PBXFileReference; lastKnownFileType = sourcecode.swift; path = InitPaymentResponse.swift; sourceTree = "<group>"; };
		FF920A2E248980F7003D2E9C /* PaymentDetailsRequest.swift */ = {isa = PBXFileReference; lastKnownFileType = sourcecode.swift; path = PaymentDetailsRequest.swift; sourceTree = "<group>"; };
		FF920A3024898131003D2E9C /* PaymentDetailsResponse.swift */ = {isa = PBXFileReference; lastKnownFileType = sourcecode.swift; path = PaymentDetailsResponse.swift; sourceTree = "<group>"; };
		FF920A3224898309003D2E9C /* ConfirmPaymentRequest.swift */ = {isa = PBXFileReference; lastKnownFileType = sourcecode.swift; path = ConfirmPaymentRequest.swift; sourceTree = "<group>"; };
		FF920A342489834E003D2E9C /* ConfirmPaymentResponse.swift */ = {isa = PBXFileReference; lastKnownFileType = sourcecode.swift; path = ConfirmPaymentResponse.swift; sourceTree = "<group>"; };
		FF920A3624898391003D2E9C /* CancelPaymentRequest.swift */ = {isa = PBXFileReference; lastKnownFileType = sourcecode.swift; path = CancelPaymentRequest.swift; sourceTree = "<group>"; };
		FF920A38248983BF003D2E9C /* CancelPaymentResponse.swift */ = {isa = PBXFileReference; lastKnownFileType = sourcecode.swift; path = CancelPaymentResponse.swift; sourceTree = "<group>"; };
		FF920A3A248983EE003D2E9C /* RefundPaymentRequest.swift */ = {isa = PBXFileReference; lastKnownFileType = sourcecode.swift; path = RefundPaymentRequest.swift; sourceTree = "<group>"; };
		FF920A3C24898434003D2E9C /* RefundPaymentResponse.swift */ = {isa = PBXFileReference; lastKnownFileType = sourcecode.swift; path = RefundPaymentResponse.swift; sourceTree = "<group>"; };
		FF920A3E2489848F003D2E9C /* TransactionClient.swift */ = {isa = PBXFileReference; lastKnownFileType = sourcecode.swift; path = TransactionClient.swift; sourceTree = "<group>"; };
		FF920A40248984DA003D2E9C /* TransactionClientResponse.swift */ = {isa = PBXFileReference; lastKnownFileType = sourcecode.swift; path = TransactionClientResponse.swift; sourceTree = "<group>"; };
		FF920A422489858C003D2E9C /* ProblemTransactions.swift */ = {isa = PBXFileReference; lastKnownFileType = sourcecode.swift; path = ProblemTransactions.swift; sourceTree = "<group>"; };
		FF920A44248985DC003D2E9C /* MakeBindingPaymentRequest.swift */ = {isa = PBXFileReference; lastKnownFileType = sourcecode.swift; path = MakeBindingPaymentRequest.swift; sourceTree = "<group>"; };
		FF920A462489865E003D2E9C /* MakeBindingPaymentResponse.swift */ = {isa = PBXFileReference; lastKnownFileType = sourcecode.swift; path = MakeBindingPaymentResponse.swift; sourceTree = "<group>"; };
		FF920A4824898746003D2E9C /* GetBindingRequest.swift */ = {isa = PBXFileReference; lastKnownFileType = sourcecode.swift; path = GetBindingRequest.swift; sourceTree = "<group>"; };
		FF920A4A24898775003D2E9C /* GetBindingsResponse.swift */ = {isa = PBXFileReference; lastKnownFileType = sourcecode.swift; path = GetBindingsResponse.swift; sourceTree = "<group>"; };
		FF920A4C248987AE003D2E9C /* CardBindingFiled.swift */ = {isa = PBXFileReference; lastKnownFileType = sourcecode.swift; path = CardBindingFiled.swift; sourceTree = "<group>"; };
		FF920A4E2489AE62003D2E9C /* DeactivateBindingRequest.swift */ = {isa = PBXFileReference; lastKnownFileType = sourcecode.swift; path = DeactivateBindingRequest.swift; sourceTree = "<group>"; };
		FF920A502489AEA8003D2E9C /* DeactivateBindingResponse.swift */ = {isa = PBXFileReference; lastKnownFileType = sourcecode.swift; path = DeactivateBindingResponse.swift; sourceTree = "<group>"; };
		FF920A522489AEEE003D2E9C /* ActivateBindingRequest.swift */ = {isa = PBXFileReference; lastKnownFileType = sourcecode.swift; path = ActivateBindingRequest.swift; sourceTree = "<group>"; };
		FF920A542489AF2C003D2E9C /* ActivateBindingResponse.swift */ = {isa = PBXFileReference; lastKnownFileType = sourcecode.swift; path = ActivateBindingResponse.swift; sourceTree = "<group>"; };
		FF9E769324AF84D80006E9AE /* ShopService.swift */ = {isa = PBXFileReference; lastKnownFileType = sourcecode.swift; path = ShopService.swift; sourceTree = "<group>"; };
		FF9E769724AF87160006E9AE /* ShopViewModel.swift */ = {isa = PBXFileReference; lastKnownFileType = sourcecode.swift; path = ShopViewModel.swift; sourceTree = "<group>"; };
		FFB023402465B50900FC135D /* SaleView.swift */ = {isa = PBXFileReference; lastKnownFileType = sourcecode.swift; path = SaleView.swift; sourceTree = "<group>"; };
		FFB023422465B67300FC135D /* SaleService.swift */ = {isa = PBXFileReference; lastKnownFileType = sourcecode.swift; path = SaleService.swift; sourceTree = "<group>"; };
		FFB023442465B74B00FC135D /* SaleViewModel.swift */ = {isa = PBXFileReference; lastKnownFileType = sourcecode.swift; path = SaleViewModel.swift; sourceTree = "<group>"; };
		FFB023462465B8A200FC135D /* SingleSaleProduct.swift */ = {isa = PBXFileReference; lastKnownFileType = sourcecode.swift; path = SingleSaleProduct.swift; sourceTree = "<group>"; };
		FFB0234C2465DDCA00FC135D /* NavigationTitleView.swift */ = {isa = PBXFileReference; lastKnownFileType = sourcecode.swift; path = NavigationTitleView.swift; sourceTree = "<group>"; };
		FFB023542465EACB00FC135D /* SingleProduct.swift */ = {isa = PBXFileReference; lastKnownFileType = sourcecode.swift; path = SingleProduct.swift; sourceTree = "<group>"; };
		FFB0235624660F8F00FC135D /* SearchBar.swift */ = {isa = PBXFileReference; lastKnownFileType = sourcecode.swift; path = SearchBar.swift; sourceTree = "<group>"; };
		FFB023582468364300FC135D /* SelectedProduct.swift */ = {isa = PBXFileReference; lastKnownFileType = sourcecode.swift; path = SelectedProduct.swift; sourceTree = "<group>"; };
		FFB0235A24683DB700FC135D /* SizeSheet.swift */ = {isa = PBXFileReference; lastKnownFileType = sourcecode.swift; path = SizeSheet.swift; sourceTree = "<group>"; };
		FFB0235C2468618000FC135D /* ProductViewModel.swift */ = {isa = PBXFileReference; lastKnownFileType = sourcecode.swift; path = ProductViewModel.swift; sourceTree = "<group>"; };
		FFB0235E2468A26200FC135D /* CartNavigationView.swift */ = {isa = PBXFileReference; lastKnownFileType = sourcecode.swift; path = CartNavigationView.swift; sourceTree = "<group>"; };
		FFB023602468A30500FC135D /* CartView.swift */ = {isa = PBXFileReference; lastKnownFileType = sourcecode.swift; path = CartView.swift; sourceTree = "<group>"; };
		FFB023632468B36300FC135D /* BrandSheet.swift */ = {isa = PBXFileReference; lastKnownFileType = sourcecode.swift; path = BrandSheet.swift; sourceTree = "<group>"; };
		FFB023652468B8B900FC135D /* FilterTypeModel.swift */ = {isa = PBXFileReference; lastKnownFileType = sourcecode.swift; path = FilterTypeModel.swift; sourceTree = "<group>"; };
		FFB023692468CAB400FC135D /* FilterService.swift */ = {isa = PBXFileReference; lastKnownFileType = sourcecode.swift; path = FilterService.swift; sourceTree = "<group>"; };
		FFB0236B2468CFC100FC135D /* FilterResult.swift */ = {isa = PBXFileReference; lastKnownFileType = sourcecode.swift; path = FilterResult.swift; sourceTree = "<group>"; };
		FFB0236F246AD44A00FC135D /* HomeViewModel.swift */ = {isa = PBXFileReference; lastKnownFileType = sourcecode.swift; path = HomeViewModel.swift; sourceTree = "<group>"; };
		FFB02371246AE5AD00FC135D /* HomeService.swift */ = {isa = PBXFileReference; lastKnownFileType = sourcecode.swift; path = HomeService.swift; sourceTree = "<group>"; };
		FFB02373246AE5E900FC135D /* TrendModel.swift */ = {isa = PBXFileReference; lastKnownFileType = sourcecode.swift; path = TrendModel.swift; sourceTree = "<group>"; };
		FFB02375246B4A3600FC135D /* TrendSingleProduct.swift */ = {isa = PBXFileReference; lastKnownFileType = sourcecode.swift; path = TrendSingleProduct.swift; sourceTree = "<group>"; };
		FFB02377246C2B5500FC135D /* CartNavigationText.swift */ = {isa = PBXFileReference; lastKnownFileType = sourcecode.swift; path = CartNavigationText.swift; sourceTree = "<group>"; };
		FFB02379246C2C0500FC135D /* CartViewModel.swift */ = {isa = PBXFileReference; lastKnownFileType = sourcecode.swift; path = CartViewModel.swift; sourceTree = "<group>"; };
		FFB0237B246C2F8F00FC135D /* CartItemPreview.swift */ = {isa = PBXFileReference; lastKnownFileType = sourcecode.swift; path = CartItemPreview.swift; sourceTree = "<group>"; };
		FFB0237D246C4D0200FC135D /* CartModel.swift */ = {isa = PBXFileReference; lastKnownFileType = sourcecode.swift; path = CartModel.swift; sourceTree = "<group>"; };
		FFFDA04B246EA7BC002EA40D /* CartService.swift */ = {isa = PBXFileReference; lastKnownFileType = sourcecode.swift; path = CartService.swift; sourceTree = "<group>"; };
		FFFDA04D246EB03F002EA40D /* ShippingProductModel.swift */ = {isa = PBXFileReference; lastKnownFileType = sourcecode.swift; path = ShippingProductModel.swift; sourceTree = "<group>"; };
		FFFDA073247084A6002EA40D /* ImageCarousel.swift */ = {isa = PBXFileReference; lastKnownFileType = sourcecode.swift; path = ImageCarousel.swift; sourceTree = "<group>"; };
		FFFDA075247094B1002EA40D /* Montserrat-ExtraLight.ttf */ = {isa = PBXFileReference; lastKnownFileType = file; path = "Montserrat-ExtraLight.ttf"; sourceTree = "<group>"; };
		FFFDA07724709550002EA40D /* TextDesign.swift */ = {isa = PBXFileReference; lastKnownFileType = sourcecode.swift; path = TextDesign.swift; sourceTree = "<group>"; };
/* End PBXFileReference section */

/* Begin PBXFrameworksBuildPhase section */
		FF1C804F24616F23000E5D88 /* Frameworks */ = {
			isa = PBXFrameworksBuildPhase;
			buildActionMask = 2147483647;
			files = (
				FF5F41402512C104007AF24B /* BuildFile in Frameworks */,
				FFB0234A2465DCD100FC135D /* BuildFile in Frameworks */,
				FF69FA1F249D4B7C0044F077 /* BuildFile in Frameworks */,
				2C0D9DE8157C084A5906ECA1 /* Pods_FlyShop.framework in Frameworks */,
			);
			runOnlyForDeploymentPostprocessing = 0;
		};
/* End PBXFrameworksBuildPhase section */

/* Begin PBXGroup section */
		68E4629599D57A41A8F8B15D /* Pods */ = {
			isa = PBXGroup;
			children = (
				AB4A7F56DA0978541061AC86 /* Pods-FlyShop.debug.xcconfig */,
				AED07B7236272AD499D58F93 /* Pods-FlyShop.release.xcconfig */,
			);
			path = Pods;
			sourceTree = "<group>";
		};
		9CC0547739776F9449022B79 /* Frameworks */ = {
			isa = PBXGroup;
			children = (
				5B7990F8823FE601FE38DD46 /* Pods_FlyShop.framework */,
			);
			name = Frameworks;
			sourceTree = "<group>";
		};
		FF0D7ED7248559DA00EE96B0 /* AR */ = {
			isa = PBXGroup;
			children = (
				FF0D7EE02485602B00EE96B0 /* ARContentView.swift */,
				FF81A07C24C24E1300C023EA /* Model.swift */,
			);
			path = AR;
			sourceTree = "<group>";
		};
		FF1C804924616F23000E5D88 = {
			isa = PBXGroup;
			children = (
				FF90A9A024B8F613007EC0C0 /* .gitignore */,
				FF1C805424616F23000E5D88 /* FlyShop */,
				FF1C805324616F23000E5D88 /* Products */,
				68E4629599D57A41A8F8B15D /* Pods */,
				9CC0547739776F9449022B79 /* Frameworks */,
			);
			sourceTree = "<group>";
		};
		FF1C805324616F23000E5D88 /* Products */ = {
			isa = PBXGroup;
			children = (
				FF1C805224616F23000E5D88 /* FlyShop.app */,
			);
			name = Products;
			sourceTree = "<group>";
		};
		FF1C805424616F23000E5D88 /* FlyShop */ = {
			isa = PBXGroup;
			children = (
				FF1C80932461FF8A000E5D88 /* Models */,
				FF1C807824618E7C000E5D88 /* ViewModels */,
				FF1C807024617B96000E5D88 /* Services */,
				FF1C808E2461ED94000E5D88 /* Utils */,
				FF1C807524617EB3000E5D88 /* Extensions */,
				FF1C806B24617298000E5D88 /* Views */,
				FF1C805524616F23000E5D88 /* AppDelegate.swift */,
				FF1C805724616F23000E5D88 /* SceneDelegate.swift */,
				FF1C805924616F23000E5D88 /* ContentView.swift */,
				FF1C805B24616F25000E5D88 /* Assets.xcassets */,
				FF1C806024616F25000E5D88 /* LaunchScreen.storyboard */,
				FF379F4224A67EDA006ED6DB /* GoogleService-Info.plist */,
				FF1C806324616F25000E5D88 /* Info.plist */,
				FF5EB336248DAF760021D49D /* privacy_policy.md */,
				FF685A3824FAC57600E8EBA5 /* Credentials.swift */,
				FF1C807F2461C366000E5D88 /* fonts */,
				FF1C805D24616F25000E5D88 /* Preview Content */,
			);
			path = FlyShop;
			sourceTree = "<group>";
		};
		FF1C805D24616F25000E5D88 /* Preview Content */ = {
			isa = PBXGroup;
			children = (
				FF1C805E24616F25000E5D88 /* Preview Assets.xcassets */,
			);
			path = "Preview Content";
			sourceTree = "<group>";
		};
		FF1C806B24617298000E5D88 /* Views */ = {
			isa = PBXGroup;
			children = (
				FF0D7ED7248559DA00EE96B0 /* AR */,
				FFB023622468A31A00FC135D /* Cart */,
				FFB0234B2465DDB800FC135D /* NavBar */,
				FFB0233F2465B4F400FC135D /* Sales */,
				FF1C80F72464380F000E5D88 /* Home */,
				FF1C80F624643722000E5D88 /* AllShops */,
				FF1C80F324643705000E5D88 /* New */,
				FF1C80B824633EF9000E5D88 /* Utils */,
				FF1C80862461D941000E5D88 /* Backgrounds */,
				FF1C807B24619000000E5D88 /* MainScreen.swift */,
			);
			path = Views;
			sourceTree = "<group>";
		};
		FF1C807024617B96000E5D88 /* Services */ = {
			isa = PBXGroup;
			children = (
				FF69FA062497EA990044F077 /* Network */,
				FF1C807124617BA3000E5D88 /* AuthService.swift */,
				FF1C80B424633C38000E5D88 /* AllShopService.swift */,
				FF1C80FC24644020000E5D88 /* NewService.swift */,
				FFB023422465B67300FC135D /* SaleService.swift */,
				FFB023692468CAB400FC135D /* FilterService.swift */,
				FFB02371246AE5AD00FC135D /* HomeService.swift */,
				FFFDA04B246EA7BC002EA40D /* CartService.swift */,
				FF9E769324AF84D80006E9AE /* ShopService.swift */,
				FF1BFB3424C38A5C006B3B50 /* ARService.swift */,
			);
			path = Services;
			sourceTree = "<group>";
		};
		FF1C807524617EB3000E5D88 /* Extensions */ = {
			isa = PBXGroup;
			children = (
				FF1C807624617EFC000E5D88 /* Extensions.swift */,
			);
			path = Extensions;
			sourceTree = "<group>";
		};
		FF1C807824618E7C000E5D88 /* ViewModels */ = {
			isa = PBXGroup;
			children = (
				FF1C807924618E8B000E5D88 /* AuthViewModel.swift */,
				FF1C80A22462B25E000E5D88 /* FilterViewModel.swift */,
				FF1C80B024633B76000E5D88 /* AllShopsViewModel.swift */,
				FF1C80FA24643B71000E5D88 /* NewViewModel.swift */,
				FFB023442465B74B00FC135D /* SaleViewModel.swift */,
				FFB0236F246AD44A00FC135D /* HomeViewModel.swift */,
				FFB02379246C2C0500FC135D /* CartViewModel.swift */,
				FF69FA092498115D0044F077 /* PaymentViewModel.swift */,
				FF9E769724AF87160006E9AE /* ShopViewModel.swift */,
				FF1BFB3824C3A86D006B3B50 /* ARViewModel.swift */,
			);
			path = ViewModels;
			sourceTree = "<group>";
		};
		FF1C807F2461C366000E5D88 /* fonts */ = {
			isa = PBXGroup;
			children = (
				FFFDA075247094B1002EA40D /* Montserrat-ExtraLight.ttf */,
				FF1C807D2461C2D5000E5D88 /* McLaren-Regular.ttf */,
				FF1C80EC2463652E000E5D88 /* Montserrat-Light.ttf */,
				FF1C807E2461C337000E5D88 /* Montserrat-Italic.ttf */,
			);
			path = fonts;
			sourceTree = "<group>";
		};
		FF1C80862461D941000E5D88 /* Backgrounds */ = {
			isa = PBXGroup;
			children = (
				FF1C80842461D068000E5D88 /* HomeViewBackground.swift */,
				FF1C806C246172A7000E5D88 /* Background.swift */,
				FF1C80AE24633823000E5D88 /* AllShopsBackground.swift */,
			);
			path = Backgrounds;
			sourceTree = "<group>";
		};
		FF1C808E2461ED94000E5D88 /* Utils */ = {
			isa = PBXGroup;
			children = (
				FF1C808F2461EDA0000E5D88 /* ViewRouter.swift */,
				FF1C809624620B64000E5D88 /* NavigationConfigurator.swift */,
				FF1C80F1246431B9000E5D88 /* RoundedCorners.swift */,
			);
			path = Utils;
			sourceTree = "<group>";
		};
		FF1C80932461FF8A000E5D88 /* Models */ = {
			isa = PBXGroup;
			children = (
				FF69FA112498F5450044F077 /* ViewModels */,
				FF920A2924897F12003D2E9C /* vPosModels */,
				FF1C80942461FF95000E5D88 /* TabItemModel.swift */,
				FF1C80AA24632DA7000E5D88 /* SizeModel.swift */,
				FF1C80B224633B99000E5D88 /* ShopModel.swift */,
				FF1C80F824643A42000E5D88 /* ProductModel.swift */,
				FF379F1A24A14F74006ED6DB /* ProductColorImage.swift */,
				FFB023652468B8B900FC135D /* FilterTypeModel.swift */,
				FFB02373246AE5E900FC135D /* TrendModel.swift */,
				FFB0237D246C4D0200FC135D /* CartModel.swift */,
				FFFDA04D246EB03F002EA40D /* ShippingProductModel.swift */,
				FF379F16249EB213006ED6DB /* ShippingModel.swift */,
				FF73935924BF202000EB0B07 /* OrderDetails.swift */,
			);
			path = Models;
			sourceTree = "<group>";
		};
		FF1C80B824633EF9000E5D88 /* Utils */ = {
			isa = PBXGroup;
			children = (
				FF1C80B624633EE9000E5D88 /* Loading.swift */,
				FFB0235624660F8F00FC135D /* SearchBar.swift */,
				FFFDA073247084A6002EA40D /* ImageCarousel.swift */,
				FFFDA07724709550002EA40D /* TextDesign.swift */,
				FF8E628224BD028D0025A703 /* ImageLoader.swift */,
				FF8E628424BD02960025A703 /* URLImage.swift */,
			);
			path = Utils;
			sourceTree = "<group>";
		};
		FF1C80F324643705000E5D88 /* New */ = {
			isa = PBXGroup;
			children = (
				FF1C80EF24642F4D000E5D88 /* NewView.swift */,
				FF1C80F424643719000E5D88 /* SingleNewProduct.swift */,
			);
			path = New;
			sourceTree = "<group>";
		};
		FF1C80F624643722000E5D88 /* AllShops */ = {
			isa = PBXGroup;
			children = (
				FF1C80AC24633798000E5D88 /* AllShopsView.swift */,
				FF1C80BC2463417B000E5D88 /* AllShopGridCell.swift */,
				FF1C80ED24636779000E5D88 /* SingleShop.swift */,
				FFB023542465EACB00FC135D /* SingleProduct.swift */,
				FFB023582468364300FC135D /* SelectedProduct.swift */,
				FFB0235A24683DB700FC135D /* SizeSheet.swift */,
			);
			path = AllShops;
			sourceTree = "<group>";
		};
		FF1C80F72464380F000E5D88 /* Home */ = {
			isa = PBXGroup;
			children = (
				FF69F9F724956E050044F077 /* Filter */,
				FF9209F424884534003D2E9C /* Info */,
				FF1C80822461D03B000E5D88 /* HomeView.swift */,
				FFB0236B2468CFC100FC135D /* FilterResult.swift */,
				FFB02375246B4A3600FC135D /* TrendSingleProduct.swift */,
			);
			path = Home;
			sourceTree = "<group>";
		};
		FF69F9F724956E050044F077 /* Filter */ = {
			isa = PBXGroup;
			children = (
				FF1C80A6246320F7000E5D88 /* FilterView.swift */,
				FF1C80A824632393000E5D88 /* SizeChart.swift */,
				FFB023632468B36300FC135D /* BrandSheet.swift */,
				FF69F9F8249574A90044F077 /* TypeSheet.swift */,
				FF69F9FA24959D0A0044F077 /* CategoryFilter.swift */,
				FF69F9FC24959D280044F077 /* BrandFilter.swift */,
				FF69F9FE24959D480044F077 /* TypeFilter.swift */,
				FF69FA0024959DAB0044F077 /* GenderFilter.swift */,
				FF69FA0224959E730044F077 /* SizeFilter.swift */,
			);
			path = Filter;
			sourceTree = "<group>";
		};
		FF69FA062497EA990044F077 /* Network */ = {
			isa = PBXGroup;
			children = (
				FF69FA072497EAD40044F077 /* InitPayment.swift */,
				FF69FA122499329C0044F077 /* GetPaymentDetails.swift */,
			);
			path = Network;
			sourceTree = "<group>";
		};
		FF69FA112498F5450044F077 /* ViewModels */ = {
			isa = PBXGroup;
			children = (
				FFB0235C2468618000FC135D /* ProductViewModel.swift */,
				FF9209EC24882573003D2E9C /* TrendViewModel.swift */,
				FF9209EE248825A8003D2E9C /* ShopListViewModel.swift */,
			);
			path = ViewModels;
			sourceTree = "<group>";
		};
		FF9209F424884534003D2E9C /* Info */ = {
			isa = PBXGroup;
			children = (
				FF9209F024883E8B003D2E9C /* InfoSheet.swift */,
				FF9209F2248844D3003D2E9C /* ReturnPolicy.swift */,
				FF9209F524884850003D2E9C /* AboutUs.swift */,
				FF9209F724884AC2003D2E9C /* Shipping.swift */,
			);
			path = Info;
			sourceTree = "<group>";
		};
		FF920A2924897F12003D2E9C /* vPosModels */ = {
			isa = PBXGroup;
			children = (
				FF920A2A24897F48003D2E9C /* InitPaymentRequest.swift */,
				FF920A2C24897FE8003D2E9C /* InitPaymentResponse.swift */,
				FF920A2E248980F7003D2E9C /* PaymentDetailsRequest.swift */,
				FF920A3024898131003D2E9C /* PaymentDetailsResponse.swift */,
				FF920A3224898309003D2E9C /* ConfirmPaymentRequest.swift */,
				FF920A342489834E003D2E9C /* ConfirmPaymentResponse.swift */,
				FF920A3624898391003D2E9C /* CancelPaymentRequest.swift */,
				FF920A38248983BF003D2E9C /* CancelPaymentResponse.swift */,
				FF920A3A248983EE003D2E9C /* RefundPaymentRequest.swift */,
				FF920A3C24898434003D2E9C /* RefundPaymentResponse.swift */,
				FF920A3E2489848F003D2E9C /* TransactionClient.swift */,
				FF920A40248984DA003D2E9C /* TransactionClientResponse.swift */,
				FF920A422489858C003D2E9C /* ProblemTransactions.swift */,
				FF920A44248985DC003D2E9C /* MakeBindingPaymentRequest.swift */,
				FF920A462489865E003D2E9C /* MakeBindingPaymentResponse.swift */,
				FF920A4824898746003D2E9C /* GetBindingRequest.swift */,
				FF920A4A24898775003D2E9C /* GetBindingsResponse.swift */,
				FF920A4C248987AE003D2E9C /* CardBindingFiled.swift */,
				FF920A4E2489AE62003D2E9C /* DeactivateBindingRequest.swift */,
				FF920A502489AEA8003D2E9C /* DeactivateBindingResponse.swift */,
				FF920A522489AEEE003D2E9C /* ActivateBindingRequest.swift */,
				FF920A542489AF2C003D2E9C /* ActivateBindingResponse.swift */,
				FF69FA042496E87F0044F077 /* URLS.swift */,
				FF69FA19249AB4320044F077 /* RedirectResponse.swift */,
			);
			path = vPosModels;
			sourceTree = "<group>";
		};
		FFB0233F2465B4F400FC135D /* Sales */ = {
			isa = PBXGroup;
			children = (
				FFB023402465B50900FC135D /* SaleView.swift */,
				FFB023462465B8A200FC135D /* SingleSaleProduct.swift */,
			);
			path = Sales;
			sourceTree = "<group>";
		};
		FFB0234B2465DDB800FC135D /* NavBar */ = {
			isa = PBXGroup;
			children = (
				FFB0234C2465DDCA00FC135D /* NavigationTitleView.swift */,
				FFB0235E2468A26200FC135D /* CartNavigationView.swift */,
				FFB02377246C2B5500FC135D /* CartNavigationText.swift */,
			);
			path = NavBar;
			sourceTree = "<group>";
		};
		FFB023622468A31A00FC135D /* Cart */ = {
			isa = PBXGroup;
			children = (
				FF1C806E2461737F000E5D88 /* SignUp.swift */,
				FFB023602468A30500FC135D /* CartView.swift */,
				FFB0237B246C2F8F00FC135D /* CartItemPreview.swift */,
				FF69FA0B249822410044F077 /* WebView.swift */,
				FF69FA0D2498236C0044F077 /* PaymentWebView.swift */,
				FF379F18249EB404006ED6DB /* ShippingItems.swift */,
				FF81A07324BF898400C023EA /* Address.swift */,
			);
			path = Cart;
			sourceTree = "<group>";
		};
/* End PBXGroup section */

/* Begin PBXNativeTarget section */
		FF1C805124616F23000E5D88 /* FlyShop */ = {
			isa = PBXNativeTarget;
			buildConfigurationList = FF1C806624616F25000E5D88 /* Build configuration list for PBXNativeTarget "FlyShop" */;
			buildPhases = (
				91C34259A72386C7DD09CFE8 /* [CP] Check Pods Manifest.lock */,
				FF1C804E24616F23000E5D88 /* Sources */,
				FF1C804F24616F23000E5D88 /* Frameworks */,
				FF1C805024616F23000E5D88 /* Resources */,
				3CFCD8D807AA8507FD853E71 /* [CP] Embed Pods Frameworks */,
			);
			buildRules = (
			);
			dependencies = (
			);
			name = FlyShop;
			packageProductDependencies = (
				FFB023492465DCD100FC135D /* SwiftPackageProductDependency */,
				FF69FA1E249D4B7C0044F077 /* SwiftPackageProductDependency */,
				FF5F413F2512C104007AF24B /* SwiftPackageProductDependency */,
			);
			productName = FlyShop;
			productReference = FF1C805224616F23000E5D88 /* FlyShop.app */;
			productType = "com.apple.product-type.application";
		};
/* End PBXNativeTarget section */

/* Begin PBXProject section */
		FF1C804A24616F23000E5D88 /* Project object */ = {
			isa = PBXProject;
			attributes = {
				LastSwiftUpdateCheck = 1140;
				LastUpgradeCheck = 1200;
				ORGANIZATIONNAME = "Karen Mirakyan";
				TargetAttributes = {
					FF1C805124616F23000E5D88 = {
						CreatedOnToolsVersion = 11.4.1;
					};
				};
			};
			buildConfigurationList = FF1C804D24616F23000E5D88 /* Build configuration list for PBXProject "FlyShop" */;
			compatibilityVersion = "Xcode 9.3";
			developmentRegion = en;
			hasScannedForEncodings = 0;
			knownRegions = (
				en,
				Base,
			);
			mainGroup = FF1C804924616F23000E5D88;
			packageReferences = (
				FFB023482465DCD100FC135D /* RemoteSwiftPackageReference */,
				FF69FA1D249D4B7B0044F077 /* RemoteSwiftPackageReference */,
				FF5F413E2512C104007AF24B /* RemoteSwiftPackageReference */,
			);
			productRefGroup = FF1C805324616F23000E5D88 /* Products */;
			projectDirPath = "";
			projectRoot = "";
			targets = (
				FF1C805124616F23000E5D88 /* FlyShop */,
			);
		};
/* End PBXProject section */

/* Begin PBXResourcesBuildPhase section */
		FF1C805024616F23000E5D88 /* Resources */ = {
			isa = PBXResourcesBuildPhase;
			buildActionMask = 2147483647;
			files = (
				FF90A9A124B8F613007EC0C0 /* .gitignore in Resources */,
				FF379F4324A67EDA006ED6DB /* GoogleService-Info.plist in Resources */,
				FF1C806224616F25000E5D88 /* LaunchScreen.storyboard in Resources */,
				FF1C805F24616F25000E5D88 /* Preview Assets.xcassets in Resources */,
				FFFDA076247094B1002EA40D /* Montserrat-ExtraLight.ttf in Resources */,
				FF1C80812461C390000E5D88 /* Montserrat-Italic.ttf in Resources */,
				FF1C805C24616F25000E5D88 /* Assets.xcassets in Resources */,
				FF1C80802461C38D000E5D88 /* McLaren-Regular.ttf in Resources */,
			);
			runOnlyForDeploymentPostprocessing = 0;
		};
/* End PBXResourcesBuildPhase section */

/* Begin PBXShellScriptBuildPhase section */
		3CFCD8D807AA8507FD853E71 /* [CP] Embed Pods Frameworks */ = {
			isa = PBXShellScriptBuildPhase;
			buildActionMask = 2147483647;
			files = (
			);
			inputFileListPaths = (
				"${PODS_ROOT}/Target Support Files/Pods-FlyShop/Pods-FlyShop-frameworks-${CONFIGURATION}-input-files.xcfilelist",
			);
			name = "[CP] Embed Pods Frameworks";
			outputFileListPaths = (
				"${PODS_ROOT}/Target Support Files/Pods-FlyShop/Pods-FlyShop-frameworks-${CONFIGURATION}-output-files.xcfilelist",
			);
			runOnlyForDeploymentPostprocessing = 0;
			shellPath = /bin/sh;
			shellScript = "\"${PODS_ROOT}/Target Support Files/Pods-FlyShop/Pods-FlyShop-frameworks.sh\"\n";
			showEnvVarsInLog = 0;
		};
		91C34259A72386C7DD09CFE8 /* [CP] Check Pods Manifest.lock */ = {
			isa = PBXShellScriptBuildPhase;
			buildActionMask = 2147483647;
			files = (
			);
			inputFileListPaths = (
			);
			inputPaths = (
				"${PODS_PODFILE_DIR_PATH}/Podfile.lock",
				"${PODS_ROOT}/Manifest.lock",
			);
			name = "[CP] Check Pods Manifest.lock";
			outputFileListPaths = (
			);
			outputPaths = (
				"$(DERIVED_FILE_DIR)/Pods-FlyShop-checkManifestLockResult.txt",
			);
			runOnlyForDeploymentPostprocessing = 0;
			shellPath = /bin/sh;
			shellScript = "diff \"${PODS_PODFILE_DIR_PATH}/Podfile.lock\" \"${PODS_ROOT}/Manifest.lock\" > /dev/null\nif [ $? != 0 ] ; then\n    # print error to STDERR\n    echo \"error: The sandbox is not in sync with the Podfile.lock. Run 'pod install' or update your CocoaPods installation.\" >&2\n    exit 1\nfi\n# This output is used by Xcode 'outputs' to avoid re-running this script phase.\necho \"SUCCESS\" > \"${SCRIPT_OUTPUT_FILE_0}\"\n";
			showEnvVarsInLog = 0;
		};
/* End PBXShellScriptBuildPhase section */

/* Begin PBXSourcesBuildPhase section */
		FF1C804E24616F23000E5D88 /* Sources */ = {
			isa = PBXSourcesBuildPhase;
			buildActionMask = 2147483647;
			files = (
				FF920A3B248983EE003D2E9C /* RefundPaymentRequest.swift in Sources */,
				FFB0236C2468CFC100FC135D /* FilterResult.swift in Sources */,
				FF920A4924898746003D2E9C /* GetBindingRequest.swift in Sources */,
				FF69FA052496E87F0044F077 /* URLS.swift in Sources */,
				FFB023412465B50900FC135D /* SaleView.swift in Sources */,
				FF920A4F2489AE62003D2E9C /* DeactivateBindingRequest.swift in Sources */,
				FF1C80FB24643B71000E5D88 /* NewViewModel.swift in Sources */,
				FFB0237E246C4D0200FC135D /* CartModel.swift in Sources */,
				FF9209F124883E8B003D2E9C /* InfoSheet.swift in Sources */,
				FF920A352489834E003D2E9C /* ConfirmPaymentResponse.swift in Sources */,
				FF9E769824AF87160006E9AE /* ShopViewModel.swift in Sources */,
				FF1C80852461D068000E5D88 /* HomeViewBackground.swift in Sources */,
				FF9209F824884AC2003D2E9C /* Shipping.swift in Sources */,
				FF1C80AD24633798000E5D88 /* AllShopsView.swift in Sources */,
				FF69FA1A249AB4320044F077 /* RedirectResponse.swift in Sources */,
				FF1C805624616F23000E5D88 /* AppDelegate.swift in Sources */,
				FF1C80A32462B25E000E5D88 /* FilterViewModel.swift in Sources */,
				FFB023612468A30500FC135D /* CartView.swift in Sources */,
				FFB023472465B8A200FC135D /* SingleSaleProduct.swift in Sources */,
				FF69F9FD24959D280044F077 /* BrandFilter.swift in Sources */,
				FF1C80B124633B76000E5D88 /* AllShopsViewModel.swift in Sources */,
				FF920A552489AF2C003D2E9C /* ActivateBindingResponse.swift in Sources */,
				FF920A3D24898434003D2E9C /* RefundPaymentResponse.swift in Sources */,
				FFB02374246AE5E900FC135D /* TrendModel.swift in Sources */,
				FF1C80FD24644020000E5D88 /* NewService.swift in Sources */,
				FF1C80A924632393000E5D88 /* SizeChart.swift in Sources */,
				FFB023592468364300FC135D /* SelectedProduct.swift in Sources */,
				FF1C805824616F23000E5D88 /* SceneDelegate.swift in Sources */,
				FFB023552465EACB00FC135D /* SingleProduct.swift in Sources */,
				FF920A3324898309003D2E9C /* ConfirmPaymentRequest.swift in Sources */,
				FFFDA074247084A6002EA40D /* ImageCarousel.swift in Sources */,
				FF379F17249EB213006ED6DB /* ShippingModel.swift in Sources */,
				FF920A2D24897FE8003D2E9C /* InitPaymentResponse.swift in Sources */,
				FF920A512489AEA8003D2E9C /* DeactivateBindingResponse.swift in Sources */,
				FFB0234D2465DDCA00FC135D /* NavigationTitleView.swift in Sources */,
				FF81A07D24C24E1300C023EA /* Model.swift in Sources */,
				FF69FA0C249822410044F077 /* WebView.swift in Sources */,
				FF920A4D248987AE003D2E9C /* CardBindingFiled.swift in Sources */,
				FF8E628524BD02960025A703 /* URLImage.swift in Sources */,
				FF81A07424BF898400C023EA /* Address.swift in Sources */,
				FFB0235D2468618000FC135D /* ProductViewModel.swift in Sources */,
				FF69FA0324959E730044F077 /* SizeFilter.swift in Sources */,
				FF920A41248984DA003D2E9C /* TransactionClientResponse.swift in Sources */,
				FFB0235B24683DB700FC135D /* SizeSheet.swift in Sources */,
				FF9E769424AF84D80006E9AE /* ShopService.swift in Sources */,
				FF9209F624884850003D2E9C /* AboutUs.swift in Sources */,
				FF9209F3248844D3003D2E9C /* ReturnPolicy.swift in Sources */,
				FFFDA04C246EA7BC002EA40D /* CartService.swift in Sources */,
				FFB0237C246C2F8F00FC135D /* CartItemPreview.swift in Sources */,
				FFB023432465B67300FC135D /* SaleService.swift in Sources */,
				FF1C80952461FF95000E5D88 /* TabItemModel.swift in Sources */,
				FF1C80902461EDA0000E5D88 /* ViewRouter.swift in Sources */,
				FFB0236A2468CAB400FC135D /* FilterService.swift in Sources */,
				FF1C805A24616F23000E5D88 /* ContentView.swift in Sources */,
				FF9209ED24882573003D2E9C /* TrendViewModel.swift in Sources */,
				FF1C80832461D03B000E5D88 /* HomeView.swift in Sources */,
				FF69F9F9249574A90044F077 /* TypeSheet.swift in Sources */,
				FF9209EF248825A8003D2E9C /* ShopListViewModel.swift in Sources */,
				FF1C807224617BA3000E5D88 /* AuthService.swift in Sources */,
				FFB02376246B4A3600FC135D /* TrendSingleProduct.swift in Sources */,
				FF920A3124898131003D2E9C /* PaymentDetailsResponse.swift in Sources */,
				FF1C80F024642F4D000E5D88 /* NewView.swift in Sources */,
				FF685A3924FAC57600E8EBA5 /* Credentials.swift in Sources */,
				FF0D7EE12485602B00EE96B0 /* ARContentView.swift in Sources */,
				FF69FA082497EAD40044F077 /* InitPayment.swift in Sources */,
				FF1C80B524633C38000E5D88 /* AllShopService.swift in Sources */,
				FF1C80EE24636779000E5D88 /* SingleShop.swift in Sources */,
				FF69F9FB24959D0A0044F077 /* CategoryFilter.swift in Sources */,
				FF69FA0E2498236C0044F077 /* PaymentWebView.swift in Sources */,
				FF1C807A24618E8B000E5D88 /* AuthViewModel.swift in Sources */,
				FF920A3F2489848F003D2E9C /* TransactionClient.swift in Sources */,
				FF920A532489AEEE003D2E9C /* ActivateBindingRequest.swift in Sources */,
				FFFDA04E246EB03F002EA40D /* ShippingProductModel.swift in Sources */,
				FF8E628324BD028D0025A703 /* ImageLoader.swift in Sources */,
				FFB023662468B8B900FC135D /* FilterTypeModel.swift in Sources */,
				FF379F19249EB404006ED6DB /* ShippingItems.swift in Sources */,
				FF1C80A7246320F7000E5D88 /* FilterView.swift in Sources */,
				FF920A4B24898775003D2E9C /* GetBindingsResponse.swift in Sources */,
				FF1C80AB24632DA8000E5D88 /* SizeModel.swift in Sources */,
				FFB02372246AE5AD00FC135D /* HomeService.swift in Sources */,
				FF379F1B24A14F74006ED6DB /* ProductColorImage.swift in Sources */,
				FF920A3724898391003D2E9C /* CancelPaymentRequest.swift in Sources */,
				FF920A45248985DC003D2E9C /* MakeBindingPaymentRequest.swift in Sources */,
				FFB02370246AD44A00FC135D /* HomeViewModel.swift in Sources */,
				FF69F9FF24959D480044F077 /* TypeFilter.swift in Sources */,
				FF69FA0A2498115D0044F077 /* PaymentViewModel.swift in Sources */,
				FF1C806D246172A7000E5D88 /* Background.swift in Sources */,
				FFB023642468B36300FC135D /* BrandSheet.swift in Sources */,
				FF920A432489858C003D2E9C /* ProblemTransactions.swift in Sources */,
				FFB0235724660F8F00FC135D /* SearchBar.swift in Sources */,
				FF73935A24BF202000EB0B07 /* OrderDetails.swift in Sources */,
				FF1C80F924643A42000E5D88 /* ProductModel.swift in Sources */,
				FF1C807C24619000000E5D88 /* MainScreen.swift in Sources */,
				FF1C80F2246431B9000E5D88 /* RoundedCorners.swift in Sources */,
				FFB0237A246C2C0500FC135D /* CartViewModel.swift in Sources */,
				FFB0235F2468A26200FC135D /* CartNavigationView.swift in Sources */,
				FF1C80B324633B99000E5D88 /* ShopModel.swift in Sources */,
				FF920A472489865E003D2E9C /* MakeBindingPaymentResponse.swift in Sources */,
				FFFDA07824709550002EA40D /* TextDesign.swift in Sources */,
				FF1C806F2461737F000E5D88 /* SignUp.swift in Sources */,
				FF1BFB3924C3A86D006B3B50 /* ARViewModel.swift in Sources */,
				FFB02378246C2B5500FC135D /* CartNavigationText.swift in Sources */,
				FF1C80AF24633823000E5D88 /* AllShopsBackground.swift in Sources */,
				FF1C809724620B64000E5D88 /* NavigationConfigurator.swift in Sources */,
				FF1C80F524643719000E5D88 /* SingleNewProduct.swift in Sources */,
				FFB023452465B74B00FC135D /* SaleViewModel.swift in Sources */,
				FF1C80B724633EE9000E5D88 /* Loading.swift in Sources */,
				FF1C807724617EFC000E5D88 /* Extensions.swift in Sources */,
				FF920A2B24897F48003D2E9C /* InitPaymentRequest.swift in Sources */,
				FF1BFB3524C38A5C006B3B50 /* ARService.swift in Sources */,
				FF920A39248983BF003D2E9C /* CancelPaymentResponse.swift in Sources */,
				FF920A2F248980F7003D2E9C /* PaymentDetailsRequest.swift in Sources */,
				FF69FA0124959DAB0044F077 /* GenderFilter.swift in Sources */,
				FF69FA132499329C0044F077 /* GetPaymentDetails.swift in Sources */,
				FF1C80BD2463417B000E5D88 /* AllShopGridCell.swift in Sources */,
			);
			runOnlyForDeploymentPostprocessing = 0;
		};
/* End PBXSourcesBuildPhase section */

/* Begin PBXVariantGroup section */
		FF1C806024616F25000E5D88 /* LaunchScreen.storyboard */ = {
			isa = PBXVariantGroup;
			children = (
				FF1C806124616F25000E5D88 /* Base */,
			);
			name = LaunchScreen.storyboard;
			sourceTree = "<group>";
		};
/* End PBXVariantGroup section */

/* Begin XCBuildConfiguration section */
		FF1C806424616F25000E5D88 /* Debug */ = {
			isa = XCBuildConfiguration;
			buildSettings = {
				ALWAYS_SEARCH_USER_PATHS = NO;
				CLANG_ANALYZER_NONNULL = YES;
				CLANG_ANALYZER_NUMBER_OBJECT_CONVERSION = YES_AGGRESSIVE;
				CLANG_CXX_LANGUAGE_STANDARD = "gnu++14";
				CLANG_CXX_LIBRARY = "libc++";
				CLANG_ENABLE_MODULES = YES;
				CLANG_ENABLE_OBJC_ARC = YES;
				CLANG_ENABLE_OBJC_WEAK = YES;
				CLANG_WARN_BLOCK_CAPTURE_AUTORELEASING = YES;
				CLANG_WARN_BOOL_CONVERSION = YES;
				CLANG_WARN_COMMA = YES;
				CLANG_WARN_CONSTANT_CONVERSION = YES;
				CLANG_WARN_DEPRECATED_OBJC_IMPLEMENTATIONS = YES;
				CLANG_WARN_DIRECT_OBJC_ISA_USAGE = YES_ERROR;
				CLANG_WARN_DOCUMENTATION_COMMENTS = YES;
				CLANG_WARN_EMPTY_BODY = YES;
				CLANG_WARN_ENUM_CONVERSION = YES;
				CLANG_WARN_INFINITE_RECURSION = YES;
				CLANG_WARN_INT_CONVERSION = YES;
				CLANG_WARN_NON_LITERAL_NULL_CONVERSION = YES;
				CLANG_WARN_OBJC_IMPLICIT_RETAIN_SELF = YES;
				CLANG_WARN_OBJC_LITERAL_CONVERSION = YES;
				CLANG_WARN_OBJC_ROOT_CLASS = YES_ERROR;
				CLANG_WARN_QUOTED_INCLUDE_IN_FRAMEWORK_HEADER = YES;
				CLANG_WARN_RANGE_LOOP_ANALYSIS = YES;
				CLANG_WARN_STRICT_PROTOTYPES = YES;
				CLANG_WARN_SUSPICIOUS_MOVE = YES;
				CLANG_WARN_UNGUARDED_AVAILABILITY = YES_AGGRESSIVE;
				CLANG_WARN_UNREACHABLE_CODE = YES;
				CLANG_WARN__DUPLICATE_METHOD_MATCH = YES;
				COPY_PHASE_STRIP = NO;
				DEBUG_INFORMATION_FORMAT = dwarf;
				ENABLE_STRICT_OBJC_MSGSEND = YES;
				ENABLE_TESTABILITY = YES;
				GCC_C_LANGUAGE_STANDARD = gnu11;
				GCC_DYNAMIC_NO_PIC = NO;
				GCC_NO_COMMON_BLOCKS = YES;
				GCC_OPTIMIZATION_LEVEL = 0;
				GCC_PREPROCESSOR_DEFINITIONS = (
					"DEBUG=1",
					"$(inherited)",
				);
				GCC_WARN_64_TO_32_BIT_CONVERSION = YES;
				GCC_WARN_ABOUT_RETURN_TYPE = YES_ERROR;
				GCC_WARN_UNDECLARED_SELECTOR = YES;
				GCC_WARN_UNINITIALIZED_AUTOS = YES_AGGRESSIVE;
				GCC_WARN_UNUSED_FUNCTION = YES;
				GCC_WARN_UNUSED_VARIABLE = YES;
				IPHONEOS_DEPLOYMENT_TARGET = 13.4;
				MTL_ENABLE_DEBUG_INFO = INCLUDE_SOURCE;
				MTL_FAST_MATH = YES;
				ONLY_ACTIVE_ARCH = YES;
				SDKROOT = iphoneos;
				SWIFT_ACTIVE_COMPILATION_CONDITIONS = DEBUG;
				SWIFT_OPTIMIZATION_LEVEL = "-Onone";
			};
			name = Debug;
		};
		FF1C806524616F25000E5D88 /* Release */ = {
			isa = XCBuildConfiguration;
			buildSettings = {
				ALWAYS_SEARCH_USER_PATHS = NO;
				CLANG_ANALYZER_NONNULL = YES;
				CLANG_ANALYZER_NUMBER_OBJECT_CONVERSION = YES_AGGRESSIVE;
				CLANG_CXX_LANGUAGE_STANDARD = "gnu++14";
				CLANG_CXX_LIBRARY = "libc++";
				CLANG_ENABLE_MODULES = YES;
				CLANG_ENABLE_OBJC_ARC = YES;
				CLANG_ENABLE_OBJC_WEAK = YES;
				CLANG_WARN_BLOCK_CAPTURE_AUTORELEASING = YES;
				CLANG_WARN_BOOL_CONVERSION = YES;
				CLANG_WARN_COMMA = YES;
				CLANG_WARN_CONSTANT_CONVERSION = YES;
				CLANG_WARN_DEPRECATED_OBJC_IMPLEMENTATIONS = YES;
				CLANG_WARN_DIRECT_OBJC_ISA_USAGE = YES_ERROR;
				CLANG_WARN_DOCUMENTATION_COMMENTS = YES;
				CLANG_WARN_EMPTY_BODY = YES;
				CLANG_WARN_ENUM_CONVERSION = YES;
				CLANG_WARN_INFINITE_RECURSION = YES;
				CLANG_WARN_INT_CONVERSION = YES;
				CLANG_WARN_NON_LITERAL_NULL_CONVERSION = YES;
				CLANG_WARN_OBJC_IMPLICIT_RETAIN_SELF = YES;
				CLANG_WARN_OBJC_LITERAL_CONVERSION = YES;
				CLANG_WARN_OBJC_ROOT_CLASS = YES_ERROR;
				CLANG_WARN_QUOTED_INCLUDE_IN_FRAMEWORK_HEADER = YES;
				CLANG_WARN_RANGE_LOOP_ANALYSIS = YES;
				CLANG_WARN_STRICT_PROTOTYPES = YES;
				CLANG_WARN_SUSPICIOUS_MOVE = YES;
				CLANG_WARN_UNGUARDED_AVAILABILITY = YES_AGGRESSIVE;
				CLANG_WARN_UNREACHABLE_CODE = YES;
				CLANG_WARN__DUPLICATE_METHOD_MATCH = YES;
				COPY_PHASE_STRIP = NO;
				DEBUG_INFORMATION_FORMAT = "dwarf-with-dsym";
				ENABLE_NS_ASSERTIONS = NO;
				ENABLE_STRICT_OBJC_MSGSEND = YES;
				GCC_C_LANGUAGE_STANDARD = gnu11;
				GCC_NO_COMMON_BLOCKS = YES;
				GCC_WARN_64_TO_32_BIT_CONVERSION = YES;
				GCC_WARN_ABOUT_RETURN_TYPE = YES_ERROR;
				GCC_WARN_UNDECLARED_SELECTOR = YES;
				GCC_WARN_UNINITIALIZED_AUTOS = YES_AGGRESSIVE;
				GCC_WARN_UNUSED_FUNCTION = YES;
				GCC_WARN_UNUSED_VARIABLE = YES;
				IPHONEOS_DEPLOYMENT_TARGET = 13.4;
				MTL_ENABLE_DEBUG_INFO = NO;
				MTL_FAST_MATH = YES;
				SDKROOT = iphoneos;
				SWIFT_COMPILATION_MODE = wholemodule;
				SWIFT_OPTIMIZATION_LEVEL = "-O";
				VALIDATE_PRODUCT = YES;
			};
			name = Release;
		};
		FF1C806724616F25000E5D88 /* Debug */ = {
			isa = XCBuildConfiguration;
			baseConfigurationReference = AB4A7F56DA0978541061AC86 /* Pods-FlyShop.debug.xcconfig */;
			buildSettings = {
				ASSETCATALOG_COMPILER_APPICON_NAME = "AppIcon-1";
				CODE_SIGN_STYLE = Automatic;
				CURRENT_PROJECT_VERSION = 12;
				DEVELOPMENT_ASSET_PATHS = "\"FlyShop/Preview Content\"";
				DEVELOPMENT_TEAM = 8GVVA24YR6;
				ENABLE_PREVIEWS = YES;
				INFOPLIST_FILE = FlyShop/Info.plist;
				IPHONEOS_DEPLOYMENT_TARGET = 13.4;
				LD_RUNPATH_SEARCH_PATHS = (
					"$(inherited)",
					"@executable_path/Frameworks",
				);
				MARKETING_VERSION = 1.5.006;
				PRODUCT_BUNDLE_IDENTIFIER = "com.develop-xpn.FlyShop";
				PRODUCT_NAME = "$(TARGET_NAME)";
				SWIFT_VERSION = 5.0;
				TARGETED_DEVICE_FAMILY = 1;
			};
			name = Debug;
		};
		FF1C806824616F25000E5D88 /* Release */ = {
			isa = XCBuildConfiguration;
			baseConfigurationReference = AED07B7236272AD499D58F93 /* Pods-FlyShop.release.xcconfig */;
			buildSettings = {
				ASSETCATALOG_COMPILER_APPICON_NAME = "AppIcon-1";
				CODE_SIGN_STYLE = Automatic;
				CURRENT_PROJECT_VERSION = 12;
				DEVELOPMENT_ASSET_PATHS = "\"FlyShop/Preview Content\"";
				DEVELOPMENT_TEAM = 8GVVA24YR6;
				ENABLE_PREVIEWS = YES;
				INFOPLIST_FILE = FlyShop/Info.plist;
				IPHONEOS_DEPLOYMENT_TARGET = 13.4;
				LD_RUNPATH_SEARCH_PATHS = (
					"$(inherited)",
					"@executable_path/Frameworks",
				);
				MARKETING_VERSION = 1.5.006;
				PRODUCT_BUNDLE_IDENTIFIER = "com.develop-xpn.FlyShop";
				PRODUCT_NAME = "$(TARGET_NAME)";
				SWIFT_VERSION = 5.0;
				TARGETED_DEVICE_FAMILY = 1;
			};
			name = Release;
		};
/* End XCBuildConfiguration section */

/* Begin XCConfigurationList section */
		FF1C804D24616F23000E5D88 /* Build configuration list for PBXProject "FlyShop" */ = {
			isa = XCConfigurationList;
			buildConfigurations = (
				FF1C806424616F25000E5D88 /* Debug */,
				FF1C806524616F25000E5D88 /* Release */,
			);
			defaultConfigurationIsVisible = 0;
			defaultConfigurationName = Release;
		};
		FF1C806624616F25000E5D88 /* Build configuration list for PBXNativeTarget "FlyShop" */ = {
			isa = XCConfigurationList;
			buildConfigurations = (
				FF1C806724616F25000E5D88 /* Debug */,
				FF1C806824616F25000E5D88 /* Release */,
			);
			defaultConfigurationIsVisible = 0;
			defaultConfigurationName = Release;
		};
/* End XCConfigurationList section */

/* Begin XCRemoteSwiftPackageReference section */
		FF5F413E2512C104007AF24B /* RemoteSwiftPackageReference */ = {
			isa = XCRemoteSwiftPackageReference;
			repositoryURL = "https://github.com/maxxfrazer/FocusEntity.git";
			requirement = {
				kind = upToNextMajorVersion;
				minimumVersion = 1.1.1;
			};
		};
		FF69FA1D249D4B7B0044F077 /* RemoteSwiftPackageReference */ = {
			isa = XCRemoteSwiftPackageReference;
			repositoryURL = "https://github.com/neel-makhecha/AlertX.git";
			requirement = {
				branch = master;
				kind = branch;
			};
		};
		FFB023482465DCD100FC135D /* RemoteSwiftPackageReference */ = {
			isa = XCRemoteSwiftPackageReference;
			repositoryURL = "https://github.com/SwiftUIX/SwiftUIX";
			requirement = {
				branch = master;
				kind = branch;
			};
		};
/* End XCRemoteSwiftPackageReference section */

/* Begin XCSwiftPackageProductDependency section */
		FF5F413F2512C104007AF24B /* SwiftPackageProductDependency */ = {
			isa = XCSwiftPackageProductDependency;
			package = FF5F413E2512C104007AF24B /* RemoteSwiftPackageReference */;
			productName = FocusEntity;
		};
		FF69FA1E249D4B7C0044F077 /* SwiftPackageProductDependency */ = {
			isa = XCSwiftPackageProductDependency;
			package = FF69FA1D249D4B7B0044F077 /* RemoteSwiftPackageReference */;
			productName = AlertX;
		};
		FFB023492465DCD100FC135D /* SwiftPackageProductDependency */ = {
			isa = XCSwiftPackageProductDependency;
			package = FFB023482465DCD100FC135D /* RemoteSwiftPackageReference */;
			productName = SwiftUIX;
		};
/* End XCSwiftPackageProductDependency section */
	};
	rootObject = FF1C804A24616F23000E5D88 /* Project object */;
}
