{
  "object": {
    "pins": [
      {
        "package": "AlertX",
        "repositoryURL": "https://github.com/neel-makhecha/AlertX.git",
        "state": {
          "branch": "master",
          "revision": "d5f82d61521c019ec83571c16f3351e7ef8191d0",
          "version": null
        }
      },
      {
        "package": "SwiftUIX",
        "repositoryURL": "https://github.com/SwiftUIX/SwiftUIX",
        "state": {
          "branch": "master",
          "revision": "9caa12997faea2827168d541cabcf4db0adf2f88",
          "version": null
        }
      }
    ]
  },
  "version": 1
}
