{
  "object": {
    "pins": [
      {
        "package": "AlertX",
        "repositoryURL": "https://github.com/neel-makhecha/AlertX.git",
        "state": {
          "branch": "master",
          "revision": "d5f82d61521c019ec83571c16f3351e7ef8191d0",
          "version": null
        }
      },
      {
        "package": "FocusEntity",
        "repositoryURL": "https://github.com/maxxfrazer/FocusEntity.git",
        "state": {
          "branch": null,
          "revision": "cf36b43d9a6ced6f572d6c60a3e3b825a20a210b",
          "version": "2.0.1"
        }
      },
      {
        "package": "SwiftUIX",
        "repositoryURL": "https://github.com/SwiftUIX/SwiftUIX",
        "state": {
          "branch": "master",
          "revision": "5a51a5b749f7d1cfdbd86adf7eb3f42aaa158981",
          "version": null
        }
      }
    ]
  },
  "version": 1
}
